
Microsoft Visual Studio Solution File, Format Version 12.00
Project("{FAE04EC0-301F-11D3-BF4B-00C04F79EFBC}") = "AuthService", "AuthService\AuthService.csproj", "{6735607F-4A40-4F5C-BE2D-FC2CEE582FFD}"
EndProject
Project("{FAE04EC0-301F-11D3-BF4B-00C04F79EFBC}") = "SchoolService", "SchoolService\SchoolService.csproj", "{6025DBE0-5FC3-4483-B081-4C70D91F35BE}"
EndProject
Global
	GlobalSection(SolutionConfigurationPlatforms) = preSolution
		Debug|Any CPU = Debug|Any CPU
		Release|Any CPU = Release|Any CPU
	EndGlobalSection
	GlobalSection(ProjectConfigurationPlatforms) = postSolution
		{6735607F-4A40-4F5C-BE2D-FC2CEE582FFD}.Debug|Any CPU.ActiveCfg = Debug|Any CPU
		{6735607F-4A40-4F5C-BE2D-FC2CEE582FFD}.Debug|Any CPU.Build.0 = Debug|Any CPU
		{6735607F-4A40-4F5C-BE2D-FC2CEE582FFD}.Release|Any CPU.ActiveCfg = Release|Any CPU
		{6735607F-4A40-4F5C-BE2D-FC2CEE582FFD}.Release|Any CPU.Build.0 = Release|Any CPU
		{6025DBE0-5FC3-4483-B081-4C70D91F35BE}.Debug|Any CPU.ActiveCfg = Debug|Any CPU
		{6025DBE0-5FC3-4483-B081-4C70D91F35BE}.Debug|Any CPU.Build.0 = Debug|Any CPU
		{6025DBE0-5FC3-4483-B081-4C70D91F35BE}.Release|Any CPU.ActiveCfg = Release|Any CPU
		{6025DBE0-5FC3-4483-B081-4C70D91F35BE}.Release|Any CPU.Build.0 = Release|Any CPU
	EndGlobalSection
EndGlobal
